{
	"name": "fastify-streamfile",
	"version": "1.0.6",
	"lockfileVersion": 3,
	"requires": true,
	"packages": {
		"": {
			"name": "fastify-streamfile",
			"version": "1.0.6",
			"license": "MIT",
			"dependencies": {
				"fastify-plugin": "^4.5.1"
			}
		},
		"node_modules/fastify-plugin": {
			"version": "4.5.1",
			"resolved": "https://registry.npmjs.org/fastify-plugin/-/fastify-plugin-4.5.1.tgz",
			"integrity": "sha512-stRHYGeuqpEZTL1Ef0Ovr2ltazUT9g844X5z/zEBFLG8RYlpDiOCIG+ATvYEp+/zmc7sN29mcIMp8gvYplYPIQ=="
		}
	}
}
